# This file is automatically @generated by Cargo.
# It is not intended for manual editing.
[[package]]
name = "bindbg-server"
version = "0.1.0"
dependencies = [
 "jvm-rs",
 "lazy_static",
]

[[package]]
name = "jvm-rs"
version = "0.1.0"
source = "registry+https://github.com/rust-lang/crates.io-index"
checksum = "a7ceccd8e0000edcb2289f6bb3231d2ee3e9609f91b45ccc1d067b86cc6db6de"

[[package]]
name = "lazy_static"
version = "1.4.0"
source = "registry+https://github.com/rust-lang/crates.io-index"
checksum = "e2abad23fbc42b3700f2f279844dc832adb2b2eb069b2df918f455c4e18cc646"
